# THIS IS AN AUTOGENERATED FILE. DO NOT EDIT THIS FILE DIRECTLY.
# yarn lockfile v1


"@yuuang/ffi-rs-darwin-arm64@1.0.82":
  version "1.0.82"
  resolved "https://registry.yarnpkg.com/@yuuang/ffi-rs-darwin-arm64/-/ffi-rs-darwin-arm64-1.0.82.tgz#c4bd4d4e5d03dd55a3a60b792ffec753ec2882c6"
  integrity sha512-2UwExy++eBupm/d/vBdyq6AmdFrJGafAjdIaH4G4t7VS+LAprTsRJsIELIUVJrT8rWpj4OceO3lHs7D/2NYWtA==

"@yuuang/ffi-rs-darwin-x64@1.0.82":
  version "1.0.82"
  resolved "https://registry.yarnpkg.com/@yuuang/ffi-rs-darwin-x64/-/ffi-rs-darwin-x64-1.0.82.tgz#f2e6d298bae1ea92f54115d58f1be89af26f0459"
  integrity sha512-l3JWU2OxhBIAZo2JX0WvDdXirrU8tg30dhrSkFsX+jraRiD+WgDLNpf2zNc9lALrc+6Vg8Xse6XbExMQnBn2gg==

"@yuuang/ffi-rs-linux-arm64-gnu@1.0.82":
  version "1.0.82"
  resolved "https://registry.yarnpkg.com/@yuuang/ffi-rs-linux-arm64-gnu/-/ffi-rs-linux-arm64-gnu-1.0.82.tgz#444906fdedcbcba33b5fbb800d0a172a2c050cbd"
  integrity sha512-+JFtlAGbWgWvPytn0YNDEX94aWgw56UOaNhC2jK0vANzsFZqJoTI8nNd5CcSvGG36JckeGp2wZaRi3la5aJXHQ==

"@yuuang/ffi-rs-linux-arm64-musl@1.0.82":
  version "1.0.82"
  resolved "https://registry.yarnpkg.com/@yuuang/ffi-rs-linux-arm64-musl/-/ffi-rs-linux-arm64-musl-1.0.82.tgz#8c38e0727fda003ba630fbfdb19502c12076f1d0"
  integrity sha512-2qu4YdYwSb5CQLP3sKCY0b4ga4dZCqCuOp+beOlCJMt9HXlCzFRGOoNllvnNHoxPsOrKs5phTMEd17vC58Ubgg==

"@yuuang/ffi-rs-linux-x64-gnu@1.0.82":
  version "1.0.82"
  resolved "https://registry.yarnpkg.com/@yuuang/ffi-rs-linux-x64-gnu/-/ffi-rs-linux-x64-gnu-1.0.82.tgz#df4a49d8fe72d9ec351606d0b9e62a7e94486478"
  integrity sha512-vBQZAfi1kGmPsLlHSOEmNAklPuGE1x2QD2c7Mmnlws9q/cfRZmA3sb3k6/jS9LDEClx2kKdTlx9c79LrYwtAkQ==

"@yuuang/ffi-rs-linux-x64-musl@1.0.82":
  version "1.0.82"
  resolved "https://registry.yarnpkg.com/@yuuang/ffi-rs-linux-x64-musl/-/ffi-rs-linux-x64-musl-1.0.82.tgz#73d33d9c395fb8902c346feadb10de4da28a6df1"
  integrity sha512-rZkAm6Z9vDq4ADB8vNA9/W1m4VRi/DZm+ONWStvwMoMenBPcn0HSg42ltOl4lp/EESYomHO3ScZZe3b+/fTTug==

"@yuuang/ffi-rs-win32-arm64-msvc@1.0.82":
  version "1.0.82"
  resolved "https://registry.yarnpkg.com/@yuuang/ffi-rs-win32-arm64-msvc/-/ffi-rs-win32-arm64-msvc-1.0.82.tgz#f3b3f5733cd67b502ef196b1ff56f72ae3557592"
  integrity sha512-NYlqIZimUALqasd5pd4waY7nFr7Sr7nc+hrVR5r8BmLVMdjf32edHDhMoAnnmECAcf4+6TxqMAAVnIvNgvNzhw==

"@yuuang/ffi-rs-win32-ia32-msvc@1.0.82":
  version "1.0.82"
  resolved "https://registry.yarnpkg.com/@yuuang/ffi-rs-win32-ia32-msvc/-/ffi-rs-win32-ia32-msvc-1.0.82.tgz#cc5cf8f4c2aabd5d16cd9c44005a6259179797f7"
  integrity sha512-oJ+HnqKg49Zhva2HvN7V4r78kTkm0EmFi68Uyugw2r+3ss6DQEHlVOgr6SHx5HX3TxGqkPEk25pxj9DQXc+9mQ==

"@yuuang/ffi-rs-win32-x64-msvc@1.0.82":
  version "1.0.82"
  resolved "https://registry.yarnpkg.com/@yuuang/ffi-rs-win32-x64-msvc/-/ffi-rs-win32-x64-msvc-1.0.82.tgz#74393e135da41705af43ff1240565d5eb18fc6a2"
  integrity sha512-WEbFbNSja4ymeBiZaH9EDyefSlU+VjKbgPSoo4xhR8RdFRtOGm6e9WCAM0+LbvLzIJiYbrLf0EgWZn+MEtQuYQ==

ffi-rs@^1.0.82:
  version "1.0.82"
  resolved "https://registry.yarnpkg.com/ffi-rs/-/ffi-rs-1.0.82.tgz#9d1d32b18ced540b57ea4642e11d5d50e9b525cd"
  integrity sha512-wCc6Lp0YGIfFeX78BKBCvwunxWE9mmkp6+1MkrtkCb14zKqf7OOZxOGLVFQZKhgy0X4E5lXrSaWB1x3o5J0fog==
  optionalDependencies:
    "@yuuang/ffi-rs-darwin-arm64" "1.0.82"
    "@yuuang/ffi-rs-darwin-x64" "1.0.82"
    "@yuuang/ffi-rs-linux-arm64-gnu" "1.0.82"
    "@yuuang/ffi-rs-linux-arm64-musl" "1.0.82"
    "@yuuang/ffi-rs-linux-x64-gnu" "1.0.82"
    "@yuuang/ffi-rs-linux-x64-musl" "1.0.82"
    "@yuuang/ffi-rs-win32-arm64-msvc" "1.0.82"
    "@yuuang/ffi-rs-win32-ia32-msvc" "1.0.82"
    "@yuuang/ffi-rs-win32-x64-msvc" "1.0.82"
