# THIS IS AN AUTOGENERATED FILE. DO NOT EDIT THIS FILE DIRECTLY.
# yarn lockfile v1


"@yuuang/ffi-rs-darwin-arm64@1.0.86":
  version "1.0.86"
  resolved "https://registry.yarnpkg.com/@yuuang/ffi-rs-darwin-arm64/-/ffi-rs-darwin-arm64-1.0.86.tgz#b5bebd57abb3d5821234d21c4c3e33396a8616d2"
  integrity sha512-3LKI5kPaz6vc9u3Iubjk1T5qHeme/LAjEsii+Czr4UhDSYRY4OibGsmbcfPw8boqBjH42UHZx/+jYYKxtXuhng==

"@yuuang/ffi-rs-darwin-x64@1.0.86":
  version "1.0.86"
  resolved "https://registry.yarnpkg.com/@yuuang/ffi-rs-darwin-x64/-/ffi-rs-darwin-x64-1.0.86.tgz#b35066703cf1cad834d3c4f1486631981ed9b86e"
  integrity sha512-1iOrhnWLmFjLFjrTydy+ThVnNdfE66yLtzPiybjGlhMyd5M6lJpA6pbbbvgnEcHtlWp3KnvSaMF2JAsAVaalfQ==

"@yuuang/ffi-rs-linux-arm64-gnu@1.0.86":
  version "1.0.86"
  resolved "https://registry.yarnpkg.com/@yuuang/ffi-rs-linux-arm64-gnu/-/ffi-rs-linux-arm64-gnu-1.0.86.tgz#0b992191fd90ea8624fa212b16e59f9b66cae9aa"
  integrity sha512-evoytKEwhe2asBHM8s+fRJT/mYtjrCJuE9u9NjsZgKiouDyR40d70nQIppPS2eJ+VRrUAymxPhLrpLEuexmE4A==

"@yuuang/ffi-rs-linux-arm64-musl@1.0.86":
  version "1.0.86"
  resolved "https://registry.yarnpkg.com/@yuuang/ffi-rs-linux-arm64-musl/-/ffi-rs-linux-arm64-musl-1.0.86.tgz#a81be7145862d1c07946460395920926fa8b48e2"
  integrity sha512-/++L+ANCdQQVW8NEWE3w6axKlTixojvJyoiI+Qz/UKHQgCTyI8l41dVsHM8Ui2naq9itaOd0wG9opGyCWd/07Q==

"@yuuang/ffi-rs-linux-x64-gnu@1.0.86":
  version "1.0.86"
  resolved "https://registry.yarnpkg.com/@yuuang/ffi-rs-linux-x64-gnu/-/ffi-rs-linux-x64-gnu-1.0.86.tgz#198e938c3e83bdec01c9c08b074ea7c4156f1b4f"
  integrity sha512-gERECxVxNXEVQ302BM1aKBYmUFzx4Z8ra4Knp3FCqPWD/vt/LSDCruHAfxm4DGt53eFEUAfyAtIikkE6I40RzA==

"@yuuang/ffi-rs-linux-x64-musl@1.0.86":
  version "1.0.86"
  resolved "https://registry.yarnpkg.com/@yuuang/ffi-rs-linux-x64-musl/-/ffi-rs-linux-x64-musl-1.0.86.tgz#5c6da2d535cd79e06392e8210de924742b3394ce"
  integrity sha512-2EcXosjib40M3GjDvfZ8fZWhTLljgowWQ2nLSj+O24y8kgAN6v/vJs636wiELz3BkiskuyDX4yF4PEN+7i+lZQ==

"@yuuang/ffi-rs-win32-arm64-msvc@1.0.86":
  version "1.0.86"
  resolved "https://registry.yarnpkg.com/@yuuang/ffi-rs-win32-arm64-msvc/-/ffi-rs-win32-arm64-msvc-1.0.86.tgz#76137088d90a280c03a02b56833f43d6ed6bdc6c"
  integrity sha512-2d+dtCXtVJTJvXneCKVo7pxmMEG7Il5iE6KGMk8sQ5eFGOQr2EuVMhZ43C2/vYukAQ0NoWjJXFZYxhYu6ZjbVg==

"@yuuang/ffi-rs-win32-ia32-msvc@1.0.86":
  version "1.0.86"
  resolved "https://registry.yarnpkg.com/@yuuang/ffi-rs-win32-ia32-msvc/-/ffi-rs-win32-ia32-msvc-1.0.86.tgz#c91f25beae01288d73c958372c659d262e37e1ce"
  integrity sha512-0GKE75rmaMd1PmWtWJQ/EcmAlCHJAlgeJwZHFgbf+j5vQ7FlIhTw25vCLYML9t8eGI3u1rPxY9lCfzHJPMrU8A==

"@yuuang/ffi-rs-win32-x64-msvc@1.0.86":
  version "1.0.86"
  resolved "https://registry.yarnpkg.com/@yuuang/ffi-rs-win32-x64-msvc/-/ffi-rs-win32-x64-msvc-1.0.86.tgz#e0f821fd4f47da66f13f8777850ba38b342bca18"
  integrity sha512-9ko2zIx8QI7rkzeAEqUSRj0m/qAkf20tbLjKDsMRiLQ8PVNYmzZuMAbOXshv7XGYsK2Qa1lrw+2ytmGqutE7kQ==

ffi-rs@^1.0.86:
  version "1.0.86"
  resolved "https://registry.yarnpkg.com/ffi-rs/-/ffi-rs-1.0.86.tgz#a18dc58f18e32c2a78c61a930d8fb370b98449f1"
  integrity sha512-bUbGQnP3l0IZuOabPOckT67MGdQzcRdlNoJE8WB7m7anyuxqyV1pEG2Im9w1MPQQ2/6xaYEe6uTBjHUlxsthgg==
  optionalDependencies:
    "@yuuang/ffi-rs-darwin-arm64" "1.0.86"
    "@yuuang/ffi-rs-darwin-x64" "1.0.86"
    "@yuuang/ffi-rs-linux-arm64-gnu" "1.0.86"
    "@yuuang/ffi-rs-linux-arm64-musl" "1.0.86"
    "@yuuang/ffi-rs-linux-x64-gnu" "1.0.86"
    "@yuuang/ffi-rs-linux-x64-musl" "1.0.86"
    "@yuuang/ffi-rs-win32-arm64-msvc" "1.0.86"
    "@yuuang/ffi-rs-win32-ia32-msvc" "1.0.86"
    "@yuuang/ffi-rs-win32-x64-msvc" "1.0.86"
